
Microsoft Visual Studio Solution File, Format Version 12.00
# Visual Studio Version 16
VisualStudioVersion = 16.0.29519.87
MinimumVisualStudioVersion = 10.0.40219.1
Project("{FAE04EC0-301F-11D3-BF4B-00C04F79EFBC}") = "GuardBank.API", "GuardBank.API\GuardBank.API.csproj", "{66E4E5E6-700C-4DC3-BD15-17B431652722}"
EndProject
Global
	GlobalSection(SolutionConfigurationPlatforms) = preSolution
		Debug|Any CPU = Debug|Any CPU
		Release|Any CPU = Release|Any CPU
	EndGlobalSection
	GlobalSection(ProjectConfigurationPlatforms) = postSolution
		{66E4E5E6-700C-4DC3-BD15-17B431652722}.Debug|Any CPU.ActiveCfg = Debug|Any CPU
		{66E4E5E6-700C-4DC3-BD15-17B431652722}.Debug|Any CPU.Build.0 = Debug|Any CPU
		{66E4E5E6-700C-4DC3-BD15-17B431652722}.Release|Any CPU.ActiveCfg = Release|Any CPU
		{66E4E5E6-700C-4DC3-BD15-17B431652722}.Release|Any CPU.Build.0 = Release|Any CPU
	EndGlobalSection
	GlobalSection(SolutionProperties) = preSolution
		HideSolutionNode = FALSE
	EndGlobalSection
	GlobalSection(ExtensibilityGlobals) = postSolution
		SolutionGuid = {474C0B47-3A1A-43AE-AF67-B1958E4208F2}
	EndGlobalSection
EndGlobal
